
Microsoft Visual Studio Solution File, Format Version 12.00
# Visual Studio Version 17
VisualStudioVersion = 17.3.32825.248
MinimumVisualStudioVersion = 10.0.40219.1
Project("{FAE04EC0-301F-11D3-BF4B-00C04F79EFBC}") = "assignment1", "assignment1\assignment1.csproj", "{42A591B1-0483-4D90-AB15-8AF11DF040D1}"
EndProject
Global
	GlobalSection(SolutionConfigurationPlatforms) = preSolution
		Debug|Any CPU = Debug|Any CPU
		Release|Any CPU = Release|Any CPU
	EndGlobalSection
	GlobalSection(ProjectConfigurationPlatforms) = postSolution
		{42A591B1-0483-4D90-AB15-8AF11DF040D1}.Debug|Any CPU.ActiveCfg = Debug|Any CPU
		{42A591B1-0483-4D90-AB15-8AF11DF040D1}.Debug|Any CPU.Build.0 = Debug|Any CPU
		{42A591B1-0483-4D90-AB15-8AF11DF040D1}.Release|Any CPU.ActiveCfg = Release|Any CPU
		{42A591B1-0483-4D90-AB15-8AF11DF040D1}.Release|Any CPU.Build.0 = Release|Any CPU
	EndGlobalSection
	GlobalSection(SolutionProperties) = preSolution
		HideSolutionNode = FALSE
	EndGlobalSection
	GlobalSection(ExtensibilityGlobals) = postSolution
		SolutionGuid = {FA46C247-E874-448E-B910-FD00792DD890}
	EndGlobalSection
EndGlobal
