
Microsoft Visual Studio Solution File, Format Version 12.00
# Visual Studio Version 17
VisualStudioVersion = 17.3.32825.248
MinimumVisualStudioVersion = 10.0.40219.1
Project("{9A19103F-16F7-4668-BE54-9A1E7A4F7556}") = "assignment1", "assignment1\assignment1.csproj", "{7372E2AF-70AC-4DC2-BD38-AF35D76996BC}"
EndProject
Project("{9A19103F-16F7-4668-BE54-9A1E7A4F7556}") = "assignment2", "assignment2\assignment2.csproj", "{99C44E73-48B0-4EE0-ABD0-98BB5D93E524}"
EndProject
Project("{FAE04EC0-301F-11D3-BF4B-00C04F79EFBC}") = "assignment3", "assignment3\assignment3.csproj", "{F99036F7-08F6-4EFA-94B2-8C7D9170B075}"
EndProject
Global
	GlobalSection(SolutionConfigurationPlatforms) = preSolution
		Debug|Any CPU = Debug|Any CPU
		Release|Any CPU = Release|Any CPU
	EndGlobalSection
	GlobalSection(ProjectConfigurationPlatforms) = postSolution
		{7372E2AF-70AC-4DC2-BD38-AF35D76996BC}.Debug|Any CPU.ActiveCfg = Debug|Any CPU
		{7372E2AF-70AC-4DC2-BD38-AF35D76996BC}.Debug|Any CPU.Build.0 = Debug|Any CPU
		{7372E2AF-70AC-4DC2-BD38-AF35D76996BC}.Release|Any CPU.ActiveCfg = Release|Any CPU
		{7372E2AF-70AC-4DC2-BD38-AF35D76996BC}.Release|Any CPU.Build.0 = Release|Any CPU
		{99C44E73-48B0-4EE0-ABD0-98BB5D93E524}.Debug|Any CPU.ActiveCfg = Debug|Any CPU
		{99C44E73-48B0-4EE0-ABD0-98BB5D93E524}.Debug|Any CPU.Build.0 = Debug|Any CPU
		{99C44E73-48B0-4EE0-ABD0-98BB5D93E524}.Release|Any CPU.ActiveCfg = Release|Any CPU
		{99C44E73-48B0-4EE0-ABD0-98BB5D93E524}.Release|Any CPU.Build.0 = Release|Any CPU
		{F99036F7-08F6-4EFA-94B2-8C7D9170B075}.Debug|Any CPU.ActiveCfg = Debug|Any CPU
		{F99036F7-08F6-4EFA-94B2-8C7D9170B075}.Debug|Any CPU.Build.0 = Debug|Any CPU
		{F99036F7-08F6-4EFA-94B2-8C7D9170B075}.Release|Any CPU.ActiveCfg = Release|Any CPU
		{F99036F7-08F6-4EFA-94B2-8C7D9170B075}.Release|Any CPU.Build.0 = Release|Any CPU
	EndGlobalSection
	GlobalSection(SolutionProperties) = preSolution
		HideSolutionNode = FALSE
	EndGlobalSection
	GlobalSection(ExtensibilityGlobals) = postSolution
		SolutionGuid = {5331E261-A5EF-4955-91BE-40AF3805E012}
	EndGlobalSection
EndGlobal
